// !$*UTF8*$!
{
	archiveVersion = 1;
	classes = {
	};
	objectVersion = 56;
	objects = {

/* Begin PBXBuildFile section */
		AFE67EAF29E44F730063D0A6 /* PMPassHelper.docc in Sources */ = {isa = PBXBuildFile; fileRef = AFE67EAE29E44F730063D0A6 /* PMPassHelper.docc */; };
		AFE67EB529E44F730063D0A6 /* PMPassHelper.framework in Frameworks */ = {isa = PBXBuildFile; fileRef = AFE67EAA29E44F730063D0A6 /* PMPassHelper.framework */; };
		AFE67EBA29E44F730063D0A6 /* PMPassHelperTests.swift in Sources */ = {isa = PBXBuildFile; fileRef = AFE67EB929E44F730063D0A6 /* PMPassHelperTests.swift */; };
		AFE67EBB29E44F730063D0A6 /* PMPassHelper.h in Headers */ = {isa = PBXBuildFile; fileRef = AFE67EAD29E44F730063D0A6 /* PMPassHelper.h */; settings = {ATTRIBUTES = (Public, ); }; };
		AFE67EC829E44FC80063D0A6 /* Pass.swift in Sources */ = {isa = PBXBuildFile; fileRef = AFE67EC429E44FC80063D0A6 /* Pass.swift */; };
		AFE67EC929E44FC80063D0A6 /* PassHelper.swift in Sources */ = {isa = PBXBuildFile; fileRef = AFE67EC529E44FC80063D0A6 /* PassHelper.swift */; };
		AFE67ECA29E44FC80063D0A6 /* PassLibrary.swift in Sources */ = {isa = PBXBuildFile; fileRef = AFE67EC629E44FC80063D0A6 /* PassLibrary.swift */; };
		AFE67ECB29E44FC80063D0A6 /* SecureElementPass.swift in Sources */ = {isa = PBXBuildFile; fileRef = AFE67EC729E44FC80063D0A6 /* SecureElementPass.swift */; };
		AFE67ECD29E450150063D0A6 /* MockPassHelperData.swift in Sources */ = {isa = PBXBuildFile; fileRef = AFE67ECC29E450150063D0A6 /* MockPassHelperData.swift */; };
		AFE67ED129E450A90063D0A6 /* MockPass.swift in Sources */ = {isa = PBXBuildFile; fileRef = AFE67ED029E450A90063D0A6 /* MockPass.swift */; };
		AFE67ED329E450BF0063D0A6 /* MockPassLibrary.swift in Sources */ = {isa = PBXBuildFile; fileRef = AFE67ED229E450BF0063D0A6 /* MockPassLibrary.swift */; };
		AFE67ED529E450E50063D0A6 /* MockSecureElementPass.swift in Sources */ = {isa = PBXBuildFile; fileRef = AFE67ED429E450E50063D0A6 /* MockSecureElementPass.swift */; };
/* End PBXBuildFile section */

/* Begin PBXContainerItemProxy section */
		AFE67EB629E44F730063D0A6 /* PBXContainerItemProxy */ = {
			isa = PBXContainerItemProxy;
			containerPortal = AFE67EA129E44F730063D0A6 /* Project object */;
			proxyType = 1;
			remoteGlobalIDString = AFE67EA929E44F730063D0A6;
			remoteInfo = PMPassHelper;
		};
/* End PBXContainerItemProxy section */

/* Begin PBXFileReference section */
		AFE67EAA29E44F730063D0A6 /* PMPassHelper.framework */ = {isa = PBXFileReference; explicitFileType = wrapper.framework; includeInIndex = 0; path = PMPassHelper.framework; sourceTree = BUILT_PRODUCTS_DIR; };
		AFE67EAD29E44F730063D0A6 /* PMPassHelper.h */ = {isa = PBXFileReference; lastKnownFileType = sourcecode.c.h; path = PMPassHelper.h; sourceTree = "<group>"; };
		AFE67EAE29E44F730063D0A6 /* PMPassHelper.docc */ = {isa = PBXFileReference; lastKnownFileType = folder.documentationcatalog; path = PMPassHelper.docc; sourceTree = "<group>"; };
		AFE67EB429E44F730063D0A6 /* PMPassHelperTests.xctest */ = {isa = PBXFileReference; explicitFileType = wrapper.cfbundle; includeInIndex = 0; path = PMPassHelperTests.xctest; sourceTree = BUILT_PRODUCTS_DIR; };
		AFE67EB929E44F730063D0A6 /* PMPassHelperTests.swift */ = {isa = PBXFileReference; lastKnownFileType = sourcecode.swift; path = PMPassHelperTests.swift; sourceTree = "<group>"; };
		AFE67EC429E44FC80063D0A6 /* Pass.swift */ = {isa = PBXFileReference; fileEncoding = 4; lastKnownFileType = sourcecode.swift; path = Pass.swift; sourceTree = "<group>"; };
		AFE67EC529E44FC80063D0A6 /* PassHelper.swift */ = {isa = PBXFileReference; fileEncoding = 4; lastKnownFileType = sourcecode.swift; path = PassHelper.swift; sourceTree = "<group>"; };
		AFE67EC629E44FC80063D0A6 /* PassLibrary.swift */ = {isa = PBXFileReference; fileEncoding = 4; lastKnownFileType = sourcecode.swift; path = PassLibrary.swift; sourceTree = "<group>"; };
		AFE67EC729E44FC80063D0A6 /* SecureElementPass.swift */ = {isa = PBXFileReference; fileEncoding = 4; lastKnownFileType = sourcecode.swift; path = SecureElementPass.swift; sourceTree = "<group>"; };
		AFE67ECC29E450150063D0A6 /* MockPassHelperData.swift */ = {isa = PBXFileReference; fileEncoding = 4; lastKnownFileType = sourcecode.swift; path = MockPassHelperData.swift; sourceTree = "<group>"; };
		AFE67ED029E450A90063D0A6 /* MockPass.swift */ = {isa = PBXFileReference; lastKnownFileType = sourcecode.swift; path = MockPass.swift; sourceTree = "<group>"; };
		AFE67ED229E450BF0063D0A6 /* MockPassLibrary.swift */ = {isa = PBXFileReference; lastKnownFileType = sourcecode.swift; path = MockPassLibrary.swift; sourceTree = "<group>"; };
		AFE67ED429E450E50063D0A6 /* MockSecureElementPass.swift */ = {isa = PBXFileReference; lastKnownFileType = sourcecode.swift; path = MockSecureElementPass.swift; sourceTree = "<group>"; };
/* End PBXFileReference section */

/* Begin PBXFrameworksBuildPhase section */
		AFE67EA729E44F730063D0A6 /* Frameworks */ = {
			isa = PBXFrameworksBuildPhase;
			buildActionMask = 2147483647;
			files = (
			);
			runOnlyForDeploymentPostprocessing = 0;
		};
		AFE67EB129E44F730063D0A6 /* Frameworks */ = {
			isa = PBXFrameworksBuildPhase;
			buildActionMask = 2147483647;
			files = (
				AFE67EB529E44F730063D0A6 /* PMPassHelper.framework in Frameworks */,
			);
			runOnlyForDeploymentPostprocessing = 0;
		};
/* End PBXFrameworksBuildPhase section */

/* Begin PBXGroup section */
		AFE67EA029E44F730063D0A6 = {
			isa = PBXGroup;
			children = (
				AFE67EAC29E44F730063D0A6 /* PMPassHelper */,
				AFE67EB829E44F730063D0A6 /* PMPassHelperTests */,
				AFE67EAB29E44F730063D0A6 /* Products */,
			);
			sourceTree = "<group>";
		};
		AFE67EAB29E44F730063D0A6 /* Products */ = {
			isa = PBXGroup;
			children = (
				AFE67EAA29E44F730063D0A6 /* PMPassHelper.framework */,
				AFE67EB429E44F730063D0A6 /* PMPassHelperTests.xctest */,
			);
			name = Products;
			sourceTree = "<group>";
		};
		AFE67EAC29E44F730063D0A6 /* PMPassHelper */ = {
			isa = PBXGroup;
			children = (
				AFE67ECE29E4504E0063D0A6 /* Protocols */,
				AFE67EC529E44FC80063D0A6 /* PassHelper.swift */,
				AFE67EAD29E44F730063D0A6 /* PMPassHelper.h */,
				AFE67EAE29E44F730063D0A6 /* PMPassHelper.docc */,
			);
			path = PMPassHelper;
			sourceTree = "<group>";
		};
		AFE67EB829E44F730063D0A6 /* PMPassHelperTests */ = {
			isa = PBXGroup;
			children = (
				AFE67ECF29E450640063D0A6 /* Mocks */,
				AFE67ECC29E450150063D0A6 /* MockPassHelperData.swift */,
				AFE67EB929E44F730063D0A6 /* PMPassHelperTests.swift */,
			);
			path = PMPassHelperTests;
			sourceTree = "<group>";
		};
		AFE67ECE29E4504E0063D0A6 /* Protocols */ = {
			isa = PBXGroup;
			children = (
				AFE67EC429E44FC80063D0A6 /* Pass.swift */,
				AFE67EC629E44FC80063D0A6 /* PassLibrary.swift */,
				AFE67EC729E44FC80063D0A6 /* SecureElementPass.swift */,
			);
			path = Protocols;
			sourceTree = "<group>";
		};
		AFE67ECF29E450640063D0A6 /* Mocks */ = {
			isa = PBXGroup;
			children = (
				AFE67ED029E450A90063D0A6 /* MockPass.swift */,
				AFE67ED229E450BF0063D0A6 /* MockPassLibrary.swift */,
				AFE67ED429E450E50063D0A6 /* MockSecureElementPass.swift */,
			);
			path = Mocks;
			sourceTree = "<group>";
		};
/* End PBXGroup section */

/* Begin PBXHeadersBuildPhase section */
		AFE67EA529E44F730063D0A6 /* Headers */ = {
			isa = PBXHeadersBuildPhase;
			buildActionMask = 2147483647;
			files = (
				AFE67EBB29E44F730063D0A6 /* PMPassHelper.h in Headers */,
			);
			runOnlyForDeploymentPostprocessing = 0;
		};
/* End PBXHeadersBuildPhase section */

/* Begin PBXNativeTarget section */
		AFE67EA929E44F730063D0A6 /* PMPassHelper */ = {
			isa = PBXNativeTarget;
			buildConfigurationList = AFE67EBE29E44F730063D0A6 /* Build configuration list for PBXNativeTarget "PMPassHelper" */;
			buildPhases = (
				AFE67EA529E44F730063D0A6 /* Headers */,
				AFE67EA629E44F730063D0A6 /* Sources */,
				AFE67EA729E44F730063D0A6 /* Frameworks */,
				AFE67EA829E44F730063D0A6 /* Resources */,
			);
			buildRules = (
			);
			dependencies = (
			);
			name = PMPassHelper;
			productName = PMPassHelper;
			productReference = AFE67EAA29E44F730063D0A6 /* PMPassHelper.framework */;
			productType = "com.apple.product-type.framework";
		};
		AFE67EB329E44F730063D0A6 /* PMPassHelperTests */ = {
			isa = PBXNativeTarget;
			buildConfigurationList = AFE67EC129E44F730063D0A6 /* Build configuration list for PBXNativeTarget "PMPassHelperTests" */;
			buildPhases = (
				AFE67EB029E44F730063D0A6 /* Sources */,
				AFE67EB129E44F730063D0A6 /* Frameworks */,
				AFE67EB229E44F730063D0A6 /* Resources */,
			);
			buildRules = (
			);
			dependencies = (
				AFE67EB729E44F730063D0A6 /* PBXTargetDependency */,
			);
			name = PMPassHelperTests;
			productName = PMPassHelperTests;
			productReference = AFE67EB429E44F730063D0A6 /* PMPassHelperTests.xctest */;
			productType = "com.apple.product-type.bundle.unit-test";
		};
/* End PBXNativeTarget section */

/* Begin PBXProject section */
		AFE67EA129E44F730063D0A6 /* Project object */ = {
			isa = PBXProject;
			attributes = {
				BuildIndependentTargetsInParallel = 1;
				LastSwiftUpdateCheck = 1420;
				LastUpgradeCheck = 1420;
				TargetAttributes = {
					AFE67EA929E44F730063D0A6 = {
						CreatedOnToolsVersion = 14.2;
					};
					AFE67EB329E44F730063D0A6 = {
						CreatedOnToolsVersion = 14.2;
					};
				};
			};
			buildConfigurationList = AFE67EA429E44F730063D0A6 /* Build configuration list for PBXProject "PMPassHelper" */;
			compatibilityVersion = "Xcode 14.0";
			developmentRegion = en;
			hasScannedForEncodings = 0;
			knownRegions = (
				en,
				Base,
			);
			mainGroup = AFE67EA029E44F730063D0A6;
			productRefGroup = AFE67EAB29E44F730063D0A6 /* Products */;
			projectDirPath = "";
			projectRoot = "";
			targets = (
				AFE67EA929E44F730063D0A6 /* PMPassHelper */,
				AFE67EB329E44F730063D0A6 /* PMPassHelperTests */,
			);
		};
/* End PBXProject section */

/* Begin PBXResourcesBuildPhase section */
		AFE67EA829E44F730063D0A6 /* Resources */ = {
			isa = PBXResourcesBuildPhase;
			buildActionMask = 2147483647;
			files = (
			);
			runOnlyForDeploymentPostprocessing = 0;
		};
		AFE67EB229E44F730063D0A6 /* Resources */ = {
			isa = PBXResourcesBuildPhase;
			buildActionMask = 2147483647;
			files = (
			);
			runOnlyForDeploymentPostprocessing = 0;
		};
/* End PBXResourcesBuildPhase section */

/* Begin PBXSourcesBuildPhase section */
		AFE67EA629E44F730063D0A6 /* Sources */ = {
			isa = PBXSourcesBuildPhase;
			buildActionMask = 2147483647;
			files = (
				AFE67ECA29E44FC80063D0A6 /* PassLibrary.swift in Sources */,
				AFE67EC829E44FC80063D0A6 /* Pass.swift in Sources */,
				AFE67ECB29E44FC80063D0A6 /* SecureElementPass.swift in Sources */,
				AFE67EAF29E44F730063D0A6 /* PMPassHelper.docc in Sources */,
				AFE67EC929E44FC80063D0A6 /* PassHelper.swift in Sources */,
			);
			runOnlyForDeploymentPostprocessing = 0;
		};
		AFE67EB029E44F730063D0A6 /* Sources */ = {
			isa = PBXSourcesBuildPhase;
			buildActionMask = 2147483647;
			files = (
				AFE67ECD29E450150063D0A6 /* MockPassHelperData.swift in Sources */,
				AFE67ED529E450E50063D0A6 /* MockSecureElementPass.swift in Sources */,
				AFE67EBA29E44F730063D0A6 /* PMPassHelperTests.swift in Sources */,
				AFE67ED329E450BF0063D0A6 /* MockPassLibrary.swift in Sources */,
				AFE67ED129E450A90063D0A6 /* MockPass.swift in Sources */,
			);
			runOnlyForDeploymentPostprocessing = 0;
		};
/* End PBXSourcesBuildPhase section */

/* Begin PBXTargetDependency section */
		AFE67EB729E44F730063D0A6 /* PBXTargetDependency */ = {
			isa = PBXTargetDependency;
			target = AFE67EA929E44F730063D0A6 /* PMPassHelper */;
			targetProxy = AFE67EB629E44F730063D0A6 /* PBXContainerItemProxy */;
		};
/* End PBXTargetDependency section */

/* Begin XCBuildConfiguration section */
		AFE67EBC29E44F730063D0A6 /* Debug */ = {
			isa = XCBuildConfiguration;
			buildSettings = {
				ALWAYS_SEARCH_USER_PATHS = NO;
				CLANG_ANALYZER_NONNULL = YES;
				CLANG_ANALYZER_NUMBER_OBJECT_CONVERSION = YES_AGGRESSIVE;
				CLANG_CXX_LANGUAGE_STANDARD = "gnu++20";
				CLANG_ENABLE_MODULES = YES;
				CLANG_ENABLE_OBJC_ARC = YES;
				CLANG_ENABLE_OBJC_WEAK = YES;
				CLANG_WARN_BLOCK_CAPTURE_AUTORELEASING = YES;
				CLANG_WARN_BOOL_CONVERSION = YES;
				CLANG_WARN_COMMA = YES;
				CLANG_WARN_CONSTANT_CONVERSION = YES;
				CLANG_WARN_DEPRECATED_OBJC_IMPLEMENTATIONS = YES;
				CLANG_WARN_DIRECT_OBJC_ISA_USAGE = YES_ERROR;
				CLANG_WARN_DOCUMENTATION_COMMENTS = YES;
				CLANG_WARN_EMPTY_BODY = YES;
				CLANG_WARN_ENUM_CONVERSION = YES;
				CLANG_WARN_INFINITE_RECURSION = YES;
				CLANG_WARN_INT_CONVERSION = YES;
				CLANG_WARN_NON_LITERAL_NULL_CONVERSION = YES;
				CLANG_WARN_OBJC_IMPLICIT_RETAIN_SELF = YES;
				CLANG_WARN_OBJC_LITERAL_CONVERSION = YES;
				CLANG_WARN_OBJC_ROOT_CLASS = YES_ERROR;
				CLANG_WARN_QUOTED_INCLUDE_IN_FRAMEWORK_HEADER = YES;
				CLANG_WARN_RANGE_LOOP_ANALYSIS = YES;
				CLANG_WARN_STRICT_PROTOTYPES = YES;
				CLANG_WARN_SUSPICIOUS_MOVE = YES;
				CLANG_WARN_UNGUARDED_AVAILABILITY = YES_AGGRESSIVE;
				CLANG_WARN_UNREACHABLE_CODE = YES;
				CLANG_WARN__DUPLICATE_METHOD_MATCH = YES;
				COPY_PHASE_STRIP = NO;
				CURRENT_PROJECT_VERSION = 1;
				DEBUG_INFORMATION_FORMAT = dwarf;
				ENABLE_STRICT_OBJC_MSGSEND = YES;
				ENABLE_TESTABILITY = YES;
				GCC_C_LANGUAGE_STANDARD = gnu11;
				GCC_DYNAMIC_NO_PIC = NO;
				GCC_NO_COMMON_BLOCKS = YES;
				GCC_OPTIMIZATION_LEVEL = 0;
				GCC_PREPROCESSOR_DEFINITIONS = (
					"DEBUG=1",
					"$(inherited)",
				);
				GCC_WARN_64_TO_32_BIT_CONVERSION = YES;
				GCC_WARN_ABOUT_RETURN_TYPE = YES_ERROR;
				GCC_WARN_UNDECLARED_SELECTOR = YES;
				GCC_WARN_UNINITIALIZED_AUTOS = YES_AGGRESSIVE;
				GCC_WARN_UNUSED_FUNCTION = YES;
				GCC_WARN_UNUSED_VARIABLE = YES;
				MTL_ENABLE_DEBUG_INFO = INCLUDE_SOURCE;
				MTL_FAST_MATH = YES;
				ONLY_ACTIVE_ARCH = YES;
				SWIFT_ACTIVE_COMPILATION_CONDITIONS = DEBUG;
				SWIFT_OPTIMIZATION_LEVEL = "-Onone";
				VERSIONING_SYSTEM = "apple-generic";
				VERSION_INFO_PREFIX = "";
			};
			name = Debug;
		};
		AFE67EBD29E44F730063D0A6 /* Release */ = {
			isa = XCBuildConfiguration;
			buildSettings = {
				ALWAYS_SEARCH_USER_PATHS = NO;
				CLANG_ANALYZER_NONNULL = YES;
				CLANG_ANALYZER_NUMBER_OBJECT_CONVERSION = YES_AGGRESSIVE;
				CLANG_CXX_LANGUAGE_STANDARD = "gnu++20";
				CLANG_ENABLE_MODULES = YES;
				CLANG_ENABLE_OBJC_ARC = YES;
				CLANG_ENABLE_OBJC_WEAK = YES;
				CLANG_WARN_BLOCK_CAPTURE_AUTORELEASING = YES;
				CLANG_WARN_BOOL_CONVERSION = YES;
				CLANG_WARN_COMMA = YES;
				CLANG_WARN_CONSTANT_CONVERSION = YES;
				CLANG_WARN_DEPRECATED_OBJC_IMPLEMENTATIONS = YES;
				CLANG_WARN_DIRECT_OBJC_ISA_USAGE = YES_ERROR;
				CLANG_WARN_DOCUMENTATION_COMMENTS = YES;
				CLANG_WARN_EMPTY_BODY = YES;
				CLANG_WARN_ENUM_CONVERSION = YES;
				CLANG_WARN_INFINITE_RECURSION = YES;
				CLANG_WARN_INT_CONVERSION = YES;
				CLANG_WARN_NON_LITERAL_NULL_CONVERSION = YES;
				CLANG_WARN_OBJC_IMPLICIT_RETAIN_SELF = YES;
				CLANG_WARN_OBJC_LITERAL_CONVERSION = YES;
				CLANG_WARN_OBJC_ROOT_CLASS = YES_ERROR;
				CLANG_WARN_QUOTED_INCLUDE_IN_FRAMEWORK_HEADER = YES;
				CLANG_WARN_RANGE_LOOP_ANALYSIS = YES;
				CLANG_WARN_STRICT_PROTOTYPES = YES;
				CLANG_WARN_SUSPICIOUS_MOVE = YES;
				CLANG_WARN_UNGUARDED_AVAILABILITY = YES_AGGRESSIVE;
				CLANG_WARN_UNREACHABLE_CODE = YES;
				CLANG_WARN__DUPLICATE_METHOD_MATCH = YES;
				COPY_PHASE_STRIP = NO;
				CURRENT_PROJECT_VERSION = 1;
				DEBUG_INFORMATION_FORMAT = "dwarf-with-dsym";
				ENABLE_NS_ASSERTIONS = NO;
				ENABLE_STRICT_OBJC_MSGSEND = YES;
				GCC_C_LANGUAGE_STANDARD = gnu11;
				GCC_NO_COMMON_BLOCKS = YES;
				GCC_WARN_64_TO_32_BIT_CONVERSION = YES;
				GCC_WARN_ABOUT_RETURN_TYPE = YES_ERROR;
				GCC_WARN_UNDECLARED_SELECTOR = YES;
				GCC_WARN_UNINITIALIZED_AUTOS = YES_AGGRESSIVE;
				GCC_WARN_UNUSED_FUNCTION = YES;
				GCC_WARN_UNUSED_VARIABLE = YES;
				MTL_ENABLE_DEBUG_INFO = NO;
				MTL_FAST_MATH = YES;
				SWIFT_COMPILATION_MODE = wholemodule;
				SWIFT_OPTIMIZATION_LEVEL = "-O";
				VERSIONING_SYSTEM = "apple-generic";
				VERSION_INFO_PREFIX = "";
			};
			name = Release;
		};
		AFE67EBF29E44F730063D0A6 /* Debug */ = {
			isa = XCBuildConfiguration;
			buildSettings = {
				CODE_SIGN_STYLE = Automatic;
				CURRENT_PROJECT_VERSION = 1;
				DEFINES_MODULE = YES;
				DYLIB_COMPATIBILITY_VERSION = 1;
				DYLIB_CURRENT_VERSION = 1;
				DYLIB_INSTALL_NAME_BASE = "@rpath";
				GENERATE_INFOPLIST_FILE = YES;
				INFOPLIST_KEY_NSHumanReadableCopyright = "";
				INSTALL_PATH = "$(LOCAL_LIBRARY_DIR)/Frameworks";
				IPHONEOS_DEPLOYMENT_TARGET = 16.2;
				LD_RUNPATH_SEARCH_PATHS = (
					"@executable_path/Frameworks",
					"@loader_path/Frameworks",
				);
				"LD_RUNPATH_SEARCH_PATHS[sdk=macosx*]" = (
					"@executable_path/../Frameworks",
					"@loader_path/Frameworks",
				);
				MACOSX_DEPLOYMENT_TARGET = 13.1;
				MARKETING_VERSION = 1.0;
				PRODUCT_BUNDLE_IDENTIFIER = com.pmercier.PMPassHelper;
				PRODUCT_NAME = "$(TARGET_NAME:c99extidentifier)";
				SDKROOT = auto;
				SKIP_INSTALL = YES;
				SUPPORTED_PLATFORMS = "iphoneos iphonesimulator macosx";
				SWIFT_EMIT_LOC_STRINGS = YES;
				SWIFT_VERSION = 5.0;
				TARGETED_DEVICE_FAMILY = "1,2";
			};
			name = Debug;
		};
		AFE67EC029E44F730063D0A6 /* Release */ = {
			isa = XCBuildConfiguration;
			buildSettings = {
				CODE_SIGN_STYLE = Automatic;
				CURRENT_PROJECT_VERSION = 1;
				DEFINES_MODULE = YES;
				DYLIB_COMPATIBILITY_VERSION = 1;
				DYLIB_CURRENT_VERSION = 1;
				DYLIB_INSTALL_NAME_BASE = "@rpath";
				GENERATE_INFOPLIST_FILE = YES;
				INFOPLIST_KEY_NSHumanReadableCopyright = "";
				INSTALL_PATH = "$(LOCAL_LIBRARY_DIR)/Frameworks";
				IPHONEOS_DEPLOYMENT_TARGET = 16.2;
				LD_RUNPATH_SEARCH_PATHS = (
					"@executable_path/Frameworks",
					"@loader_path/Frameworks",
				);
				"LD_RUNPATH_SEARCH_PATHS[sdk=macosx*]" = (
					"@executable_path/../Frameworks",
					"@loader_path/Frameworks",
				);
				MACOSX_DEPLOYMENT_TARGET = 13.1;
				MARKETING_VERSION = 1.0;
				PRODUCT_BUNDLE_IDENTIFIER = com.pmercier.PMPassHelper;
				PRODUCT_NAME = "$(TARGET_NAME:c99extidentifier)";
				SDKROOT = auto;
				SKIP_INSTALL = YES;
				SUPPORTED_PLATFORMS = "iphoneos iphonesimulator macosx";
				SWIFT_EMIT_LOC_STRINGS = YES;
				SWIFT_VERSION = 5.0;
				TARGETED_DEVICE_FAMILY = "1,2";
			};
			name = Release;
		};
		AFE67EC229E44F730063D0A6 /* Debug */ = {
			isa = XCBuildConfiguration;
			buildSettings = {
				ALWAYS_EMBED_SWIFT_STANDARD_LIBRARIES = YES;
				CODE_SIGN_STYLE = Automatic;
				CURRENT_PROJECT_VERSION = 1;
				GENERATE_INFOPLIST_FILE = YES;
				IPHONEOS_DEPLOYMENT_TARGET = 16.2;
				MACOSX_DEPLOYMENT_TARGET = 13.1;
				MARKETING_VERSION = 1.0;
				PRODUCT_BUNDLE_IDENTIFIER = com.pmercier.PMPassHelperTests;
				PRODUCT_NAME = "$(TARGET_NAME)";
				SDKROOT = auto;
				SUPPORTED_PLATFORMS = "iphoneos iphonesimulator macosx";
				SWIFT_EMIT_LOC_STRINGS = NO;
				SWIFT_VERSION = 5.0;
				TARGETED_DEVICE_FAMILY = "1,2";
			};
			name = Debug;
		};
		AFE67EC329E44F730063D0A6 /* Release */ = {
			isa = XCBuildConfiguration;
			buildSettings = {
				ALWAYS_EMBED_SWIFT_STANDARD_LIBRARIES = YES;
				CODE_SIGN_STYLE = Automatic;
				CURRENT_PROJECT_VERSION = 1;
				GENERATE_INFOPLIST_FILE = YES;
				IPHONEOS_DEPLOYMENT_TARGET = 16.2;
				MACOSX_DEPLOYMENT_TARGET = 13.1;
				MARKETING_VERSION = 1.0;
				PRODUCT_BUNDLE_IDENTIFIER = com.pmercier.PMPassHelperTests;
				PRODUCT_NAME = "$(TARGET_NAME)";
				SDKROOT = auto;
				SUPPORTED_PLATFORMS = "iphoneos iphonesimulator macosx";
				SWIFT_EMIT_LOC_STRINGS = NO;
				SWIFT_VERSION = 5.0;
				TARGETED_DEVICE_FAMILY = "1,2";
			};
			name = Release;
		};
/* End XCBuildConfiguration section */

/* Begin XCConfigurationList section */
		AFE67EA429E44F730063D0A6 /* Build configuration list for PBXProject "PMPassHelper" */ = {
			isa = XCConfigurationList;
			buildConfigurations = (
				AFE67EBC29E44F730063D0A6 /* Debug */,
				AFE67EBD29E44F730063D0A6 /* Release */,
			);
			defaultConfigurationIsVisible = 0;
			defaultConfigurationName = Release;
		};
		AFE67EBE29E44F730063D0A6 /* Build configuration list for PBXNativeTarget "PMPassHelper" */ = {
			isa = XCConfigurationList;
			buildConfigurations = (
				AFE67EBF29E44F730063D0A6 /* Debug */,
				AFE67EC029E44F730063D0A6 /* Release */,
			);
			defaultConfigurationIsVisible = 0;
			defaultConfigurationName = Release;
		};
		AFE67EC129E44F730063D0A6 /* Build configuration list for PBXNativeTarget "PMPassHelperTests" */ = {
			isa = XCConfigurationList;
			buildConfigurations = (
				AFE67EC229E44F730063D0A6 /* Debug */,
				AFE67EC329E44F730063D0A6 /* Release */,
			);
			defaultConfigurationIsVisible = 0;
			defaultConfigurationName = Release;
		};
/* End XCConfigurationList section */
	};
	rootObject = AFE67EA129E44F730063D0A6 /* Project object */;
}
